
Microsoft Visual Studio Solution File, Format Version 12.00
# Visual Studio 15
VisualStudioVersion = 15.0.27130.2036
MinimumVisualStudioVersion = 10.0.40219.1
Project("{FAE04EC0-301F-11D3-BF4B-00C04F79EFBC}") = "LibNitro.Intermediate", "LibNitro.Intermediate\LibNitro.Intermediate.csproj", "{B0C7A03A-112E-4C65-A241-65BB6CEA3DF8}"
EndProject
Project("{FAE04EC0-301F-11D3-BF4B-00C04F79EFBC}") = "IntermediateConverter", "IntermediateConverter\IntermediateConverter.csproj", "{ADCF7D64-04E0-48EE-AF0B-45AB9EF61FB4}"
EndProject
Project("{FAE04EC0-301F-11D3-BF4B-00C04F79EFBC}") = "BinaryConverter", "BinaryConverter\BinaryConverter.csproj", "{78972CD8-75FD-4107-92D1-6932DDCEE6B4}"
EndProject
Project("{FAE04EC0-301F-11D3-BF4B-00C04F79EFBC}") = "LibNitroG3DTools", "LibNitroG3DTools\LibNitroG3DTools.csproj", "{9B76FE30-44F6-4BC1-9606-10C76BE13752}"
EndProject
Global
	GlobalSection(SolutionConfigurationPlatforms) = preSolution
		Debug|Any CPU = Debug|Any CPU
		Release|Any CPU = Release|Any CPU
	EndGlobalSection
	GlobalSection(ProjectConfigurationPlatforms) = postSolution
		{B0C7A03A-112E-4C65-A241-65BB6CEA3DF8}.Debug|Any CPU.ActiveCfg = Debug|Any CPU
		{B0C7A03A-112E-4C65-A241-65BB6CEA3DF8}.Debug|Any CPU.Build.0 = Debug|Any CPU
		{B0C7A03A-112E-4C65-A241-65BB6CEA3DF8}.Release|Any CPU.ActiveCfg = Release|Any CPU
		{B0C7A03A-112E-4C65-A241-65BB6CEA3DF8}.Release|Any CPU.Build.0 = Release|Any CPU
		{ADCF7D64-04E0-48EE-AF0B-45AB9EF61FB4}.Debug|Any CPU.ActiveCfg = Debug|Any CPU
		{ADCF7D64-04E0-48EE-AF0B-45AB9EF61FB4}.Debug|Any CPU.Build.0 = Debug|Any CPU
		{ADCF7D64-04E0-48EE-AF0B-45AB9EF61FB4}.Release|Any CPU.ActiveCfg = Release|Any CPU
		{ADCF7D64-04E0-48EE-AF0B-45AB9EF61FB4}.Release|Any CPU.Build.0 = Release|Any CPU
		{78972CD8-75FD-4107-92D1-6932DDCEE6B4}.Debug|Any CPU.ActiveCfg = Debug|Any CPU
		{78972CD8-75FD-4107-92D1-6932DDCEE6B4}.Debug|Any CPU.Build.0 = Debug|Any CPU
		{78972CD8-75FD-4107-92D1-6932DDCEE6B4}.Release|Any CPU.ActiveCfg = Release|Any CPU
		{78972CD8-75FD-4107-92D1-6932DDCEE6B4}.Release|Any CPU.Build.0 = Release|Any CPU
		{9B76FE30-44F6-4BC1-9606-10C76BE13752}.Debug|Any CPU.ActiveCfg = Debug|Any CPU
		{9B76FE30-44F6-4BC1-9606-10C76BE13752}.Debug|Any CPU.Build.0 = Debug|Any CPU
		{9B76FE30-44F6-4BC1-9606-10C76BE13752}.Release|Any CPU.ActiveCfg = Release|Any CPU
		{9B76FE30-44F6-4BC1-9606-10C76BE13752}.Release|Any CPU.Build.0 = Release|Any CPU
	EndGlobalSection
	GlobalSection(SolutionProperties) = preSolution
		HideSolutionNode = FALSE
	EndGlobalSection
	GlobalSection(ExtensibilityGlobals) = postSolution
		SolutionGuid = {B5DDB640-2C3C-4484-A545-F5EC0AE5D8C9}
	EndGlobalSection
EndGlobal
